PODS:
  - Alamofire (4.8.2)
  - Kingfisher (5.3.1)
  - Moya (13.0.0):
    - Moya/Core (= 13.0.0)
  - Moya/Core (13.0.0):
    - Alamofire (~> 4.1)
    - Result (~> 4.1)
  - Result (4.1.0)
  - Sparkle (1.21.3)
  - SQLite.swift (0.11.5):
    - SQLite.swift/standard (= 0.11.5)
  - SQLite.swift/standard (0.11.5)
  - SwiftHEXColors (1.2.0)
  - SwiftyJSON (4.3.0)
  - VersaPlayer (2.2.3)

DEPENDENCIES:
  - Kingfisher
  - Moya
  - Sparkle
  - SQLite.swift
  - SwiftHEXColors
  - SwiftyJSON
  - VersaPlayer

SPEC REPOS:
  https://github.com/cocoapods/specs.git:
    - Alamofire
    - Kingfisher
    - Moya
    - Result
    - Sparkle
    - SQLite.swift
    - SwiftHEXColors
    - SwiftyJSON
    - VersaPlayer

SPEC CHECKSUMS:
  Alamofire: ae5c501addb7afdbb13687d7f2f722c78734c2d3
  Kingfisher: d9e7e0b209b59b8f9873aa2f37654e81a7beea51
  Moya: 161263550064ff8a4948e8ff63137fd72a876292
  Result: bd966fac789cc6c1563440b348ab2598cc24d5c7
  Sparkle: 3f75576db8b0265adef36c43249d747f22d0b708
  SQLite.swift: 6e5356850bb1791459f8c16d6ee9195b28714a2e
  SwiftHEXColors: a4ebe93a70890a9fa124e205dd785cc7552273b4
  SwiftyJSON: 6faa0040f8b59dead0ee07436cbf76b73c08fd08
  VersaPlayer: 105ab14111cd48ea1705cf24c66366536da86935

PODFILE CHECKSUM: 03e67982a3270d8cdd2f85cba71f42fcab563065

COCOAPODS: 1.5.3
